
Microsoft Visual Studio Solution File, Format Version 12.00
# Visual Studio Version 16
VisualStudioVersion = 16.0.29709.97
MinimumVisualStudioVersion = 10.0.40219.1
Project("{FAE04EC0-301F-11D3-BF4B-00C04F79EFBC}") = "ASP_MVC", "ASP_MVC\ASP_MVC.csproj", "{095D97D7-C644-4FBE-B9CD-8EA6D5A55EEC}"
EndProject
Global
	GlobalSection(SolutionConfigurationPlatforms) = preSolution
		Debug|Any CPU = Debug|Any CPU
		Release|Any CPU = Release|Any CPU
	EndGlobalSection
	GlobalSection(ProjectConfigurationPlatforms) = postSolution
		{095D97D7-C644-4FBE-B9CD-8EA6D5A55EEC}.Debug|Any CPU.ActiveCfg = Debug|Any CPU
		{095D97D7-C644-4FBE-B9CD-8EA6D5A55EEC}.Debug|Any CPU.Build.0 = Debug|Any CPU
		{095D97D7-C644-4FBE-B9CD-8EA6D5A55EEC}.Release|Any CPU.ActiveCfg = Release|Any CPU
		{095D97D7-C644-4FBE-B9CD-8EA6D5A55EEC}.Release|Any CPU.Build.0 = Release|Any CPU
	EndGlobalSection
	GlobalSection(SolutionProperties) = preSolution
		HideSolutionNode = FALSE
	EndGlobalSection
	GlobalSection(ExtensibilityGlobals) = postSolution
		SolutionGuid = {756164C2-DBDE-489F-8AB4-71176E9B2134}
	EndGlobalSection
EndGlobal
